
Microsoft Visual Studio Solution File, Format Version 12.00
# Visual Studio Version 17
VisualStudioVersion = 17.0.31912.275
MinimumVisualStudioVersion = 10.0.40219.1
Project("{2150E333-8FDC-42A3-9474-1A3956D46DE8}") = "src", "src", "{4DEC7F41-0E3D-49D5-B94A-E8C3A069FC6D}"
EndProject
Project("{2150E333-8FDC-42A3-9474-1A3956D46DE8}") = "Core", "Core", "{98183AA7-7B4F-4E6A-A898-2A830D0964F1}"
EndProject
Project("{9A19103F-16F7-4668-BE54-9A1E7A4F7556}") = "TQM.Backoffice.Core.Application", "src\Core\TQM.Backoffice.Application\TQM.Backoffice.Core.Application.csproj", "{79527A2A-1A59-47F2-9E17-CE1ADEF9A79F}"
EndProject
Project("{9A19103F-16F7-4668-BE54-9A1E7A4F7556}") = "TQM.BackOffice.API", "src\API\TQM.BackOffice.API.csproj", "{62622D0E-8C31-4FFF-9E2D-63A890BE6C01}"
EndProject
Project("{9A19103F-16F7-4668-BE54-9A1E7A4F7556}") = "TQM.Backoffice.Core.Domain", "src\Core\TQM.Backoffice.Domain\TQM.Backoffice.Core.Domain.csproj", "{F6DC6245-861D-4769-B526-E2AD76A1734D}"
EndProject
Project("{2150E333-8FDC-42A3-9474-1A3956D46DE8}") = "Infrastructure", "Infrastructure", "{100AE60B-EADC-4A5C-B4A3-B57B36BD0306}"
EndProject
Project("{9A19103F-16F7-4668-BE54-9A1E7A4F7556}") = "TQM.BackOffice.Persistence", "src\Infrastructure\TQM.BackOffice.Persistence\TQM.BackOffice.Persistence.csproj", "{55B4F4FF-1072-4E45-B8BF-23BE36827775}"
EndProject
Project("{9A19103F-16F7-4668-BE54-9A1E7A4F7556}") = "TQM.BackOffice.Identity", "src\Infrastructure\TQM.BackOffice.Identity\TQM.BackOffice.Identity.csproj", "{D0648AC4-3B4E-4BCF-9BC8-D3D88DB1BE4B}"
EndProject
Project("{9A19103F-16F7-4668-BE54-9A1E7A4F7556}") = "TQM.BackOffice.RESTApi", "src\Infrastructure\TQM.BackOffice.RESTApi\TQM.BackOffice.RESTApi.csproj", "{381A2DEF-FADB-402F-9A00-CE653E78D7FB}"
EndProject
Project("{9A19103F-16F7-4668-BE54-9A1E7A4F7556}") = "TQM.BackOffice.SOAPApi", "src\Infrastructure\TQM.BackOffice.SOAPApi\TQM.BackOffice.SOAPApi.csproj", "{4F8E9DB2-1072-4047-A1DD-F0038C3C761F}"
EndProject
Project("{2150E333-8FDC-42A3-9474-1A3956D46DE8}") = "test", "test", "{99F9E55D-592C-4E82-B930-62EB84439914}"
EndProject
Project("{9A19103F-16F7-4668-BE54-9A1E7A4F7556}") = "TQM.Backoffice.Application.UnitTests", "test\TQM.Backoffice.Application.UnitTests\TQM.Backoffice.Application.UnitTests.csproj", "{FCBAC827-B87D-492F-9707-A371A23FA4E8}"
EndProject
Project("{2150E333-8FDC-42A3-9474-1A3956D46DE8}") = "Tool", "Tool", "{E6893D97-BF8C-4A48-843C-B822F7E49209}"
EndProject
Project("{FAE04EC0-301F-11D3-BF4B-00C04F79EFBC}") = "TQM.BackOffice.GetAPIPermission", "src\Tool\TQM.BackOffice.GetAPIPermission\TQM.BackOffice.GetAPIPermission.csproj", "{01058A8A-7FB9-4B76-8A3A-A12AF9B6C01A}"
EndProject
Global
	GlobalSection(SolutionConfigurationPlatforms) = preSolution
		Debug|Any CPU = Debug|Any CPU
		Release|Any CPU = Release|Any CPU
	EndGlobalSection
	GlobalSection(ProjectConfigurationPlatforms) = postSolution
		{79527A2A-1A59-47F2-9E17-CE1ADEF9A79F}.Debug|Any CPU.ActiveCfg = Debug|Any CPU
		{79527A2A-1A59-47F2-9E17-CE1ADEF9A79F}.Debug|Any CPU.Build.0 = Debug|Any CPU
		{79527A2A-1A59-47F2-9E17-CE1ADEF9A79F}.Release|Any CPU.ActiveCfg = Release|Any CPU
		{79527A2A-1A59-47F2-9E17-CE1ADEF9A79F}.Release|Any CPU.Build.0 = Release|Any CPU
		{62622D0E-8C31-4FFF-9E2D-63A890BE6C01}.Debug|Any CPU.ActiveCfg = Debug|Any CPU
		{62622D0E-8C31-4FFF-9E2D-63A890BE6C01}.Debug|Any CPU.Build.0 = Debug|Any CPU
		{62622D0E-8C31-4FFF-9E2D-63A890BE6C01}.Release|Any CPU.ActiveCfg = Release|Any CPU
		{62622D0E-8C31-4FFF-9E2D-63A890BE6C01}.Release|Any CPU.Build.0 = Release|Any CPU
		{F6DC6245-861D-4769-B526-E2AD76A1734D}.Debug|Any CPU.ActiveCfg = Debug|Any CPU
		{F6DC6245-861D-4769-B526-E2AD76A1734D}.Debug|Any CPU.Build.0 = Debug|Any CPU
		{F6DC6245-861D-4769-B526-E2AD76A1734D}.Release|Any CPU.ActiveCfg = Release|Any CPU
		{F6DC6245-861D-4769-B526-E2AD76A1734D}.Release|Any CPU.Build.0 = Release|Any CPU
		{55B4F4FF-1072-4E45-B8BF-23BE36827775}.Debug|Any CPU.ActiveCfg = Debug|Any CPU
		{55B4F4FF-1072-4E45-B8BF-23BE36827775}.Debug|Any CPU.Build.0 = Debug|Any CPU
		{55B4F4FF-1072-4E45-B8BF-23BE36827775}.Release|Any CPU.ActiveCfg = Release|Any CPU
		{55B4F4FF-1072-4E45-B8BF-23BE36827775}.Release|Any CPU.Build.0 = Release|Any CPU
		{D0648AC4-3B4E-4BCF-9BC8-D3D88DB1BE4B}.Debug|Any CPU.ActiveCfg = Debug|Any CPU
		{D0648AC4-3B4E-4BCF-9BC8-D3D88DB1BE4B}.Debug|Any CPU.Build.0 = Debug|Any CPU
		{D0648AC4-3B4E-4BCF-9BC8-D3D88DB1BE4B}.Release|Any CPU.ActiveCfg = Release|Any CPU
		{D0648AC4-3B4E-4BCF-9BC8-D3D88DB1BE4B}.Release|Any CPU.Build.0 = Release|Any CPU
		{381A2DEF-FADB-402F-9A00-CE653E78D7FB}.Debug|Any CPU.ActiveCfg = Debug|Any CPU
		{381A2DEF-FADB-402F-9A00-CE653E78D7FB}.Debug|Any CPU.Build.0 = Debug|Any CPU
		{381A2DEF-FADB-402F-9A00-CE653E78D7FB}.Release|Any CPU.ActiveCfg = Release|Any CPU
		{381A2DEF-FADB-402F-9A00-CE653E78D7FB}.Release|Any CPU.Build.0 = Release|Any CPU
		{4F8E9DB2-1072-4047-A1DD-F0038C3C761F}.Debug|Any CPU.ActiveCfg = Debug|Any CPU
		{4F8E9DB2-1072-4047-A1DD-F0038C3C761F}.Debug|Any CPU.Build.0 = Debug|Any CPU
		{4F8E9DB2-1072-4047-A1DD-F0038C3C761F}.Release|Any CPU.ActiveCfg = Release|Any CPU
		{4F8E9DB2-1072-4047-A1DD-F0038C3C761F}.Release|Any CPU.Build.0 = Release|Any CPU
		{FCBAC827-B87D-492F-9707-A371A23FA4E8}.Debug|Any CPU.ActiveCfg = Debug|Any CPU
		{FCBAC827-B87D-492F-9707-A371A23FA4E8}.Debug|Any CPU.Build.0 = Debug|Any CPU
		{FCBAC827-B87D-492F-9707-A371A23FA4E8}.Release|Any CPU.ActiveCfg = Release|Any CPU
		{FCBAC827-B87D-492F-9707-A371A23FA4E8}.Release|Any CPU.Build.0 = Release|Any CPU
		{01058A8A-7FB9-4B76-8A3A-A12AF9B6C01A}.Debug|Any CPU.ActiveCfg = Debug|Any CPU
		{01058A8A-7FB9-4B76-8A3A-A12AF9B6C01A}.Debug|Any CPU.Build.0 = Debug|Any CPU
		{01058A8A-7FB9-4B76-8A3A-A12AF9B6C01A}.Release|Any CPU.ActiveCfg = Release|Any CPU
		{01058A8A-7FB9-4B76-8A3A-A12AF9B6C01A}.Release|Any CPU.Build.0 = Release|Any CPU
	EndGlobalSection
	GlobalSection(SolutionProperties) = preSolution
		HideSolutionNode = FALSE
	EndGlobalSection
	GlobalSection(NestedProjects) = preSolution
		{98183AA7-7B4F-4E6A-A898-2A830D0964F1} = {4DEC7F41-0E3D-49D5-B94A-E8C3A069FC6D}
		{79527A2A-1A59-47F2-9E17-CE1ADEF9A79F} = {98183AA7-7B4F-4E6A-A898-2A830D0964F1}
		{62622D0E-8C31-4FFF-9E2D-63A890BE6C01} = {4DEC7F41-0E3D-49D5-B94A-E8C3A069FC6D}
		{F6DC6245-861D-4769-B526-E2AD76A1734D} = {98183AA7-7B4F-4E6A-A898-2A830D0964F1}
		{100AE60B-EADC-4A5C-B4A3-B57B36BD0306} = {4DEC7F41-0E3D-49D5-B94A-E8C3A069FC6D}
		{55B4F4FF-1072-4E45-B8BF-23BE36827775} = {100AE60B-EADC-4A5C-B4A3-B57B36BD0306}
		{D0648AC4-3B4E-4BCF-9BC8-D3D88DB1BE4B} = {100AE60B-EADC-4A5C-B4A3-B57B36BD0306}
		{381A2DEF-FADB-402F-9A00-CE653E78D7FB} = {100AE60B-EADC-4A5C-B4A3-B57B36BD0306}
		{4F8E9DB2-1072-4047-A1DD-F0038C3C761F} = {100AE60B-EADC-4A5C-B4A3-B57B36BD0306}
		{FCBAC827-B87D-492F-9707-A371A23FA4E8} = {99F9E55D-592C-4E82-B930-62EB84439914}
		{E6893D97-BF8C-4A48-843C-B822F7E49209} = {4DEC7F41-0E3D-49D5-B94A-E8C3A069FC6D}
		{01058A8A-7FB9-4B76-8A3A-A12AF9B6C01A} = {E6893D97-BF8C-4A48-843C-B822F7E49209}
	EndGlobalSection
	GlobalSection(ExtensibilityGlobals) = postSolution
		SolutionGuid = {3A3BE40D-0E37-4841-B83F-E66E4CFB73C5}
	EndGlobalSection
EndGlobal
